
Microsoft Visual Studio Solution File, Format Version 12.00
# Visual Studio Version 17
VisualStudioVersion = 17.0.32014.148
MinimumVisualStudioVersion = 10.0.40219.1
Project("{9A19103F-16F7-4668-BE54-9A1E7A4F7556}") = "Amiq.Services.VS", "Amiq.Services.VS\Amiq.Services.VS.csproj", "{42ED1E48-1284-4CE1-8E0A-897CDAB6EF1C}"
EndProject
Project("{2150E333-8FDC-42A3-9474-1A3956D46DE8}") = "Common", "Common", "{ED91DD18-88B9-42F8-9442-FE801128C4EC}"
EndProject
Project("{FAE04EC0-301F-11D3-BF4B-00C04F79EFBC}") = "Amiq.Services.Common", "Amiq.Services.Common\Amiq.Services.Common.csproj", "{62497D82-D366-463D-837A-50C295DCFD4F}"
EndProject
Project("{9A19103F-16F7-4668-BE54-9A1E7A4F7556}") = "Amiq.Services.Friendship", "Amiq.Services.Friendship\Amiq.Services.Friendship\Amiq.Services.Friendship.csproj", "{297BD999-4FD5-4529-AE2F-10164BC708CF}"
EndProject
Project("{9A19103F-16F7-4668-BE54-9A1E7A4F7556}") = "Amiq.Services.Group", "Amiq.Services.Group\Amiq.Services.Group\Amiq.Services.Group.csproj", "{C939C419-ABDE-4FD6-ABE8-80D3F9037023}"
EndProject
Project("{9A19103F-16F7-4668-BE54-9A1E7A4F7556}") = "Amiq.Services.Notification", "Amiq.Services.Notification\Amiq.Services.Notification\Amiq.Services.Notification.csproj", "{173B1B75-E72D-42AD-97F9-0E405D2BAC31}"
EndProject
Project("{2150E333-8FDC-42A3-9474-1A3956D46DE8}") = "Workers", "Workers", "{EBE5BFE4-2AAC-439C-BF21-B54BB5A76271}"
EndProject
Project("{FAE04EC0-301F-11D3-BF4B-00C04F79EFBC}") = "Amiq.Workers.Notification", "Amiq.Workers.Notification\Amiq.Workers.Notification.csproj", "{1B041F2A-3382-4721-A507-D1300EBDC2B2}"
EndProject
Project("{9A19103F-16F7-4668-BE54-9A1E7A4F7556}") = "Amiq.Services.Post", "Amiq.Services.Post\Amiq.Services.Post\Amiq.Services.Post.csproj", "{BA0E7839-6F8F-45C4-AE62-0D1ADB75C569}"
EndProject
Project("{9A19103F-16F7-4668-BE54-9A1E7A4F7556}") = "Amiq.Services.User", "Amiq.Services.User\Amiq.Services.User\Amiq.Services.User.csproj", "{3BE67B54-9C90-40E0-843F-5C7453CD0C92}"
EndProject
Global
	GlobalSection(SolutionConfigurationPlatforms) = preSolution
		Debug|Any CPU = Debug|Any CPU
		Release|Any CPU = Release|Any CPU
	EndGlobalSection
	GlobalSection(ProjectConfigurationPlatforms) = postSolution
		{42ED1E48-1284-4CE1-8E0A-897CDAB6EF1C}.Debug|Any CPU.ActiveCfg = Debug|Any CPU
		{42ED1E48-1284-4CE1-8E0A-897CDAB6EF1C}.Debug|Any CPU.Build.0 = Debug|Any CPU
		{42ED1E48-1284-4CE1-8E0A-897CDAB6EF1C}.Release|Any CPU.ActiveCfg = Release|Any CPU
		{42ED1E48-1284-4CE1-8E0A-897CDAB6EF1C}.Release|Any CPU.Build.0 = Release|Any CPU
		{62497D82-D366-463D-837A-50C295DCFD4F}.Debug|Any CPU.ActiveCfg = Debug|Any CPU
		{62497D82-D366-463D-837A-50C295DCFD4F}.Debug|Any CPU.Build.0 = Debug|Any CPU
		{62497D82-D366-463D-837A-50C295DCFD4F}.Release|Any CPU.ActiveCfg = Release|Any CPU
		{62497D82-D366-463D-837A-50C295DCFD4F}.Release|Any CPU.Build.0 = Release|Any CPU
		{297BD999-4FD5-4529-AE2F-10164BC708CF}.Debug|Any CPU.ActiveCfg = Debug|Any CPU
		{297BD999-4FD5-4529-AE2F-10164BC708CF}.Debug|Any CPU.Build.0 = Debug|Any CPU
		{297BD999-4FD5-4529-AE2F-10164BC708CF}.Release|Any CPU.ActiveCfg = Release|Any CPU
		{297BD999-4FD5-4529-AE2F-10164BC708CF}.Release|Any CPU.Build.0 = Release|Any CPU
		{C939C419-ABDE-4FD6-ABE8-80D3F9037023}.Debug|Any CPU.ActiveCfg = Debug|Any CPU
		{C939C419-ABDE-4FD6-ABE8-80D3F9037023}.Debug|Any CPU.Build.0 = Debug|Any CPU
		{C939C419-ABDE-4FD6-ABE8-80D3F9037023}.Release|Any CPU.ActiveCfg = Release|Any CPU
		{C939C419-ABDE-4FD6-ABE8-80D3F9037023}.Release|Any CPU.Build.0 = Release|Any CPU
		{173B1B75-E72D-42AD-97F9-0E405D2BAC31}.Debug|Any CPU.ActiveCfg = Debug|Any CPU
		{173B1B75-E72D-42AD-97F9-0E405D2BAC31}.Debug|Any CPU.Build.0 = Debug|Any CPU
		{173B1B75-E72D-42AD-97F9-0E405D2BAC31}.Release|Any CPU.ActiveCfg = Release|Any CPU
		{173B1B75-E72D-42AD-97F9-0E405D2BAC31}.Release|Any CPU.Build.0 = Release|Any CPU
		{1B041F2A-3382-4721-A507-D1300EBDC2B2}.Debug|Any CPU.ActiveCfg = Debug|Any CPU
		{1B041F2A-3382-4721-A507-D1300EBDC2B2}.Debug|Any CPU.Build.0 = Debug|Any CPU
		{1B041F2A-3382-4721-A507-D1300EBDC2B2}.Release|Any CPU.ActiveCfg = Release|Any CPU
		{1B041F2A-3382-4721-A507-D1300EBDC2B2}.Release|Any CPU.Build.0 = Release|Any CPU
		{BA0E7839-6F8F-45C4-AE62-0D1ADB75C569}.Debug|Any CPU.ActiveCfg = Debug|Any CPU
		{BA0E7839-6F8F-45C4-AE62-0D1ADB75C569}.Debug|Any CPU.Build.0 = Debug|Any CPU
		{BA0E7839-6F8F-45C4-AE62-0D1ADB75C569}.Release|Any CPU.ActiveCfg = Release|Any CPU
		{BA0E7839-6F8F-45C4-AE62-0D1ADB75C569}.Release|Any CPU.Build.0 = Release|Any CPU
		{3BE67B54-9C90-40E0-843F-5C7453CD0C92}.Debug|Any CPU.ActiveCfg = Debug|Any CPU
		{3BE67B54-9C90-40E0-843F-5C7453CD0C92}.Debug|Any CPU.Build.0 = Debug|Any CPU
		{3BE67B54-9C90-40E0-843F-5C7453CD0C92}.Release|Any CPU.ActiveCfg = Release|Any CPU
		{3BE67B54-9C90-40E0-843F-5C7453CD0C92}.Release|Any CPU.Build.0 = Release|Any CPU
	EndGlobalSection
	GlobalSection(SolutionProperties) = preSolution
		HideSolutionNode = FALSE
	EndGlobalSection
	GlobalSection(NestedProjects) = preSolution
		{62497D82-D366-463D-837A-50C295DCFD4F} = {ED91DD18-88B9-42F8-9442-FE801128C4EC}
		{1B041F2A-3382-4721-A507-D1300EBDC2B2} = {EBE5BFE4-2AAC-439C-BF21-B54BB5A76271}
	EndGlobalSection
	GlobalSection(ExtensibilityGlobals) = postSolution
		SolutionGuid = {14DEA217-A9A7-4628-BBD0-2775F30AEE2A}
	EndGlobalSection
EndGlobal
