
Microsoft Visual Studio Solution File, Format Version 12.00
# Visual Studio Version 17
VisualStudioVersion = 17.0.31919.166
MinimumVisualStudioVersion = 10.0.40219.1
Project("{9A19103F-16F7-4668-BE54-9A1E7A4F7556}") = "Amiq.Services.Friendship", "Amiq.Services.Friendship\Amiq.Services.Friendship.csproj", "{15557792-986E-4E19-9500-47405C42515C}"
EndProject
Project("{FAE04EC0-301F-11D3-BF4B-00C04F79EFBC}") = "Amiq.Services.Friendship.DataAccessLayer", "Amiq.Services.Friendship.DataAccessLayer\Amiq.Services.Friendship.DataAccessLayer.csproj", "{5C74758C-836A-4B18-BA87-A726C18FF4D6}"
EndProject
Project("{FAE04EC0-301F-11D3-BF4B-00C04F79EFBC}") = "Amiq.Services.Friendship.DataAccessLayer.Models", "Amiq.Services.Friendship.DataAccessLayer.Models\Amiq.Services.Friendship.DataAccessLayer.Models.csproj", "{55329AC5-AD35-459D-AC61-0817C0C5EF42}"
EndProject
Project("{FAE04EC0-301F-11D3-BF4B-00C04F79EFBC}") = "Amiq.Services.Friendship.Contracts", "Amiq.Services.Friendship.Contracts\Amiq.Services.Friendship.Contracts.csproj", "{D8B0BF75-CD85-4C70-87AC-06979AFB35C2}"
EndProject
Project("{FAE04EC0-301F-11D3-BF4B-00C04F79EFBC}") = "Amiq.Services.Friendship.BusinessLayer", "Amiq.Services.Friendship.BusinessLayer\Amiq.Services.Friendship.BusinessLayer.csproj", "{53F9BB92-9A33-4BA7-939D-6D830AB0FDED}"
EndProject
Project("{FAE04EC0-301F-11D3-BF4B-00C04F79EFBC}") = "Amiq.Services.Friendship.Common", "Amiq.Services.Friendship.Common\Amiq.Services.Friendship.Common.csproj", "{0350BF20-7EA3-4734-8AE3-3F344DF59FD1}"
EndProject
Project("{FAE04EC0-301F-11D3-BF4B-00C04F79EFBC}") = "Amiq.Services.Friendship.Mapping", "Amiq.Services.Friendship.Mapping\Amiq.Services.Friendship.Mapping.csproj", "{E8E327A2-8BEB-4F40-92D7-AFF1ED779BF0}"
EndProject
Global
	GlobalSection(SolutionConfigurationPlatforms) = preSolution
		Debug|Any CPU = Debug|Any CPU
		Release|Any CPU = Release|Any CPU
	EndGlobalSection
	GlobalSection(ProjectConfigurationPlatforms) = postSolution
		{15557792-986E-4E19-9500-47405C42515C}.Debug|Any CPU.ActiveCfg = Debug|Any CPU
		{15557792-986E-4E19-9500-47405C42515C}.Debug|Any CPU.Build.0 = Debug|Any CPU
		{15557792-986E-4E19-9500-47405C42515C}.Release|Any CPU.ActiveCfg = Release|Any CPU
		{15557792-986E-4E19-9500-47405C42515C}.Release|Any CPU.Build.0 = Release|Any CPU
		{5C74758C-836A-4B18-BA87-A726C18FF4D6}.Debug|Any CPU.ActiveCfg = Debug|Any CPU
		{5C74758C-836A-4B18-BA87-A726C18FF4D6}.Debug|Any CPU.Build.0 = Debug|Any CPU
		{5C74758C-836A-4B18-BA87-A726C18FF4D6}.Release|Any CPU.ActiveCfg = Release|Any CPU
		{5C74758C-836A-4B18-BA87-A726C18FF4D6}.Release|Any CPU.Build.0 = Release|Any CPU
		{55329AC5-AD35-459D-AC61-0817C0C5EF42}.Debug|Any CPU.ActiveCfg = Debug|Any CPU
		{55329AC5-AD35-459D-AC61-0817C0C5EF42}.Debug|Any CPU.Build.0 = Debug|Any CPU
		{55329AC5-AD35-459D-AC61-0817C0C5EF42}.Release|Any CPU.ActiveCfg = Release|Any CPU
		{55329AC5-AD35-459D-AC61-0817C0C5EF42}.Release|Any CPU.Build.0 = Release|Any CPU
		{D8B0BF75-CD85-4C70-87AC-06979AFB35C2}.Debug|Any CPU.ActiveCfg = Debug|Any CPU
		{D8B0BF75-CD85-4C70-87AC-06979AFB35C2}.Debug|Any CPU.Build.0 = Debug|Any CPU
		{D8B0BF75-CD85-4C70-87AC-06979AFB35C2}.Release|Any CPU.ActiveCfg = Release|Any CPU
		{D8B0BF75-CD85-4C70-87AC-06979AFB35C2}.Release|Any CPU.Build.0 = Release|Any CPU
		{53F9BB92-9A33-4BA7-939D-6D830AB0FDED}.Debug|Any CPU.ActiveCfg = Debug|Any CPU
		{53F9BB92-9A33-4BA7-939D-6D830AB0FDED}.Debug|Any CPU.Build.0 = Debug|Any CPU
		{53F9BB92-9A33-4BA7-939D-6D830AB0FDED}.Release|Any CPU.ActiveCfg = Release|Any CPU
		{53F9BB92-9A33-4BA7-939D-6D830AB0FDED}.Release|Any CPU.Build.0 = Release|Any CPU
		{0350BF20-7EA3-4734-8AE3-3F344DF59FD1}.Debug|Any CPU.ActiveCfg = Debug|Any CPU
		{0350BF20-7EA3-4734-8AE3-3F344DF59FD1}.Debug|Any CPU.Build.0 = Debug|Any CPU
		{0350BF20-7EA3-4734-8AE3-3F344DF59FD1}.Release|Any CPU.ActiveCfg = Release|Any CPU
		{0350BF20-7EA3-4734-8AE3-3F344DF59FD1}.Release|Any CPU.Build.0 = Release|Any CPU
		{E8E327A2-8BEB-4F40-92D7-AFF1ED779BF0}.Debug|Any CPU.ActiveCfg = Debug|Any CPU
		{E8E327A2-8BEB-4F40-92D7-AFF1ED779BF0}.Debug|Any CPU.Build.0 = Debug|Any CPU
		{E8E327A2-8BEB-4F40-92D7-AFF1ED779BF0}.Release|Any CPU.ActiveCfg = Release|Any CPU
		{E8E327A2-8BEB-4F40-92D7-AFF1ED779BF0}.Release|Any CPU.Build.0 = Release|Any CPU
	EndGlobalSection
	GlobalSection(SolutionProperties) = preSolution
		HideSolutionNode = FALSE
	EndGlobalSection
	GlobalSection(ExtensibilityGlobals) = postSolution
		SolutionGuid = {EC5055E6-1D01-48B7-8DCE-9DC0671201F8}
	EndGlobalSection
EndGlobal
