
Microsoft Visual Studio Solution File, Format Version 12.00
# Visual Studio Version 17
VisualStudioVersion = 17.0.31919.166
MinimumVisualStudioVersion = 10.0.40219.1
Project("{FAE04EC0-301F-11D3-BF4B-00C04F79EFBC}") = "Amiq.Services.Group", "Amiq.Services.Group\Amiq.Services.Group.csproj", "{32B5C77B-2D15-4870-AC49-8ED197390EAA}"
EndProject
Project("{FAE04EC0-301F-11D3-BF4B-00C04F79EFBC}") = "Amiq.Services.Group.DataAccessLayer.Models", "Amiq.Services.Group.DataAccessLayer.Models\Amiq.Services.Group.DataAccessLayer.Models.csproj", "{5F1894BD-104C-4320-B7C4-193B4E2DBF30}"
EndProject
Global
	GlobalSection(SolutionConfigurationPlatforms) = preSolution
		Debug|Any CPU = Debug|Any CPU
		Release|Any CPU = Release|Any CPU
	EndGlobalSection
	GlobalSection(ProjectConfigurationPlatforms) = postSolution
		{32B5C77B-2D15-4870-AC49-8ED197390EAA}.Debug|Any CPU.ActiveCfg = Debug|Any CPU
		{32B5C77B-2D15-4870-AC49-8ED197390EAA}.Debug|Any CPU.Build.0 = Debug|Any CPU
		{32B5C77B-2D15-4870-AC49-8ED197390EAA}.Release|Any CPU.ActiveCfg = Release|Any CPU
		{32B5C77B-2D15-4870-AC49-8ED197390EAA}.Release|Any CPU.Build.0 = Release|Any CPU
		{5F1894BD-104C-4320-B7C4-193B4E2DBF30}.Debug|Any CPU.ActiveCfg = Debug|Any CPU
		{5F1894BD-104C-4320-B7C4-193B4E2DBF30}.Debug|Any CPU.Build.0 = Debug|Any CPU
		{5F1894BD-104C-4320-B7C4-193B4E2DBF30}.Release|Any CPU.ActiveCfg = Release|Any CPU
		{5F1894BD-104C-4320-B7C4-193B4E2DBF30}.Release|Any CPU.Build.0 = Release|Any CPU
	EndGlobalSection
	GlobalSection(SolutionProperties) = preSolution
		HideSolutionNode = FALSE
	EndGlobalSection
	GlobalSection(ExtensibilityGlobals) = postSolution
		SolutionGuid = {BC7E534B-C4AD-4744-87C0-FDD818BD8E40}
	EndGlobalSection
EndGlobal
