
Microsoft Visual Studio Solution File, Format Version 12.00
# Visual Studio Version 17
VisualStudioVersion = 17.0.31919.166
MinimumVisualStudioVersion = 10.0.40219.1
Project("{9A19103F-16F7-4668-BE54-9A1E7A4F7556}") = "Amiq.Services.Group", "Amiq.Services.Group\Amiq.Services.Group.csproj", "{32B5C77B-2D15-4870-AC49-8ED197390EAA}"
EndProject
Project("{9A19103F-16F7-4668-BE54-9A1E7A4F7556}") = "Amiq.Services.Group.DataAccessLayer.Models", "Amiq.Services.Group.DataAccessLayer.Models\Amiq.Services.Group.DataAccessLayer.Models.csproj", "{5F1894BD-104C-4320-B7C4-193B4E2DBF30}"
EndProject
Project("{FAE04EC0-301F-11D3-BF4B-00C04F79EFBC}") = "Amiq.Services.Group.DataAccessLayer", "Amiq.Services.Group.DataAccessLayer\Amiq.Services.Group.DataAccessLayer.csproj", "{DAC7BC49-4C9F-4E90-89E4-618929C31B71}"
EndProject
Project("{FAE04EC0-301F-11D3-BF4B-00C04F79EFBC}") = "Amiq.Services.Group.Mapping", "Amiq.Services.Group.Mapping\Amiq.Services.Group.Mapping.csproj", "{B36018C2-9FFB-4E52-8747-3EDEFC1C5557}"
EndProject
Project("{FAE04EC0-301F-11D3-BF4B-00C04F79EFBC}") = "Amiq.Services.Group.Contracts", "Amiq.Services.Group.Contracts\Amiq.Services.Group.Contracts.csproj", "{EA64A6B6-C4C3-47A2-8478-1F45FDD53619}"
EndProject
Project("{FAE04EC0-301F-11D3-BF4B-00C04F79EFBC}") = "Amiq.Services.BusinessLayer", "Amiq.Services.BusinessLayer\Amiq.Services.BusinessLayer.csproj", "{A54211D9-9563-445C-8F95-DEFC2E56C096}"
EndProject
Global
	GlobalSection(SolutionConfigurationPlatforms) = preSolution
		Debug|Any CPU = Debug|Any CPU
		Release|Any CPU = Release|Any CPU
	EndGlobalSection
	GlobalSection(ProjectConfigurationPlatforms) = postSolution
		{32B5C77B-2D15-4870-AC49-8ED197390EAA}.Debug|Any CPU.ActiveCfg = Debug|Any CPU
		{32B5C77B-2D15-4870-AC49-8ED197390EAA}.Debug|Any CPU.Build.0 = Debug|Any CPU
		{32B5C77B-2D15-4870-AC49-8ED197390EAA}.Release|Any CPU.ActiveCfg = Release|Any CPU
		{32B5C77B-2D15-4870-AC49-8ED197390EAA}.Release|Any CPU.Build.0 = Release|Any CPU
		{5F1894BD-104C-4320-B7C4-193B4E2DBF30}.Debug|Any CPU.ActiveCfg = Debug|Any CPU
		{5F1894BD-104C-4320-B7C4-193B4E2DBF30}.Debug|Any CPU.Build.0 = Debug|Any CPU
		{5F1894BD-104C-4320-B7C4-193B4E2DBF30}.Release|Any CPU.ActiveCfg = Release|Any CPU
		{5F1894BD-104C-4320-B7C4-193B4E2DBF30}.Release|Any CPU.Build.0 = Release|Any CPU
		{DAC7BC49-4C9F-4E90-89E4-618929C31B71}.Debug|Any CPU.ActiveCfg = Debug|Any CPU
		{DAC7BC49-4C9F-4E90-89E4-618929C31B71}.Debug|Any CPU.Build.0 = Debug|Any CPU
		{DAC7BC49-4C9F-4E90-89E4-618929C31B71}.Release|Any CPU.ActiveCfg = Release|Any CPU
		{DAC7BC49-4C9F-4E90-89E4-618929C31B71}.Release|Any CPU.Build.0 = Release|Any CPU
		{B36018C2-9FFB-4E52-8747-3EDEFC1C5557}.Debug|Any CPU.ActiveCfg = Debug|Any CPU
		{B36018C2-9FFB-4E52-8747-3EDEFC1C5557}.Debug|Any CPU.Build.0 = Debug|Any CPU
		{B36018C2-9FFB-4E52-8747-3EDEFC1C5557}.Release|Any CPU.ActiveCfg = Release|Any CPU
		{B36018C2-9FFB-4E52-8747-3EDEFC1C5557}.Release|Any CPU.Build.0 = Release|Any CPU
		{EA64A6B6-C4C3-47A2-8478-1F45FDD53619}.Debug|Any CPU.ActiveCfg = Debug|Any CPU
		{EA64A6B6-C4C3-47A2-8478-1F45FDD53619}.Debug|Any CPU.Build.0 = Debug|Any CPU
		{EA64A6B6-C4C3-47A2-8478-1F45FDD53619}.Release|Any CPU.ActiveCfg = Release|Any CPU
		{EA64A6B6-C4C3-47A2-8478-1F45FDD53619}.Release|Any CPU.Build.0 = Release|Any CPU
		{A54211D9-9563-445C-8F95-DEFC2E56C096}.Debug|Any CPU.ActiveCfg = Debug|Any CPU
		{A54211D9-9563-445C-8F95-DEFC2E56C096}.Debug|Any CPU.Build.0 = Debug|Any CPU
		{A54211D9-9563-445C-8F95-DEFC2E56C096}.Release|Any CPU.ActiveCfg = Release|Any CPU
		{A54211D9-9563-445C-8F95-DEFC2E56C096}.Release|Any CPU.Build.0 = Release|Any CPU
	EndGlobalSection
	GlobalSection(SolutionProperties) = preSolution
		HideSolutionNode = FALSE
	EndGlobalSection
	GlobalSection(ExtensibilityGlobals) = postSolution
		SolutionGuid = {BC7E534B-C4AD-4744-87C0-FDD818BD8E40}
	EndGlobalSection
EndGlobal
